// !$*UTF8*$!
{
	archiveVersion = 1;
	classes = {
	};
	objectVersion = 55;
	objects = {

/* Begin PBXBuildFile section */
		FF4C47C0280502A30008516D /* Primitive.swift in Sources */ = {isa = PBXBuildFile; fileRef = FF4C47BF280502A30008516D /* Primitive.swift */; };
		FF4C47C2280511730008516D /* MatrixUtils.swift in Sources */ = {isa = PBXBuildFile; fileRef = FF4C47C1280511730008516D /* MatrixUtils.swift */; };
		FF4C47C4280517100008516D /* rubber_toy.obj in Resources */ = {isa = PBXBuildFile; fileRef = FF4C47C3280517100008516D /* rubber_toy.obj */; };
		FF5E4A49280481730038A90B /* SimpleMetalRendererApp.swift in Sources */ = {isa = PBXBuildFile; fileRef = FF5E4A48280481730038A90B /* SimpleMetalRendererApp.swift */; };
		FF5E4A4B280481730038A90B /* ContentView.swift in Sources */ = {isa = PBXBuildFile; fileRef = FF5E4A4A280481730038A90B /* ContentView.swift */; };
		FF5E4A4D2804817A0038A90B /* Assets.xcassets in Resources */ = {isa = PBXBuildFile; fileRef = FF5E4A4C2804817A0038A90B /* Assets.xcassets */; };
		FF5E4A502804817A0038A90B /* Preview Assets.xcassets in Resources */ = {isa = PBXBuildFile; fileRef = FF5E4A4F2804817A0038A90B /* Preview Assets.xcassets */; };
		FF5E4A58280482350038A90B /* MetalView.swift in Sources */ = {isa = PBXBuildFile; fileRef = FF5E4A57280482350038A90B /* MetalView.swift */; };
		FF5E4A5A280482520038A90B /* Renderer.swift in Sources */ = {isa = PBXBuildFile; fileRef = FF5E4A59280482520038A90B /* Renderer.swift */; };
		FF5E4A5E28048C630038A90B /* Shaders.metal in Sources */ = {isa = PBXBuildFile; fileRef = FF5E4A5D28048C630038A90B /* Shaders.metal */; };
/* End PBXBuildFile section */

/* Begin PBXFileReference section */
		FF4C47BF280502A30008516D /* Primitive.swift */ = {isa = PBXFileReference; lastKnownFileType = sourcecode.swift; path = Primitive.swift; sourceTree = "<group>"; };
		FF4C47C1280511730008516D /* MatrixUtils.swift */ = {isa = PBXFileReference; lastKnownFileType = sourcecode.swift; path = MatrixUtils.swift; sourceTree = "<group>"; };
		FF4C47C3280517100008516D /* rubber_toy.obj */ = {isa = PBXFileReference; fileEncoding = 4; lastKnownFileType = text; path = rubber_toy.obj; sourceTree = "<group>"; };
		FF5E4A45280481730038A90B /* SimpleMetalRenderer.app */ = {isa = PBXFileReference; explicitFileType = wrapper.application; includeInIndex = 0; path = SimpleMetalRenderer.app; sourceTree = BUILT_PRODUCTS_DIR; };
		FF5E4A48280481730038A90B /* SimpleMetalRendererApp.swift */ = {isa = PBXFileReference; lastKnownFileType = sourcecode.swift; path = SimpleMetalRendererApp.swift; sourceTree = "<group>"; };
		FF5E4A4A280481730038A90B /* ContentView.swift */ = {isa = PBXFileReference; lastKnownFileType = sourcecode.swift; path = ContentView.swift; sourceTree = "<group>"; };
		FF5E4A4C2804817A0038A90B /* Assets.xcassets */ = {isa = PBXFileReference; lastKnownFileType = folder.assetcatalog; path = Assets.xcassets; sourceTree = "<group>"; };
		FF5E4A4F2804817A0038A90B /* Preview Assets.xcassets */ = {isa = PBXFileReference; lastKnownFileType = folder.assetcatalog; path = "Preview Assets.xcassets"; sourceTree = "<group>"; };
		FF5E4A57280482350038A90B /* MetalView.swift */ = {isa = PBXFileReference; lastKnownFileType = sourcecode.swift; path = MetalView.swift; sourceTree = "<group>"; };
		FF5E4A59280482520038A90B /* Renderer.swift */ = {isa = PBXFileReference; lastKnownFileType = sourcecode.swift; path = Renderer.swift; sourceTree = "<group>"; };
		FF5E4A5B280487B90038A90B /* ShaderDefinitions.h */ = {isa = PBXFileReference; lastKnownFileType = sourcecode.c.h; path = ShaderDefinitions.h; sourceTree = "<group>"; };
		FF5E4A5C280487DB0038A90B /* Bridging-Header.h */ = {isa = PBXFileReference; lastKnownFileType = sourcecode.c.h; path = "Bridging-Header.h"; sourceTree = "<group>"; };
		FF5E4A5D28048C630038A90B /* Shaders.metal */ = {isa = PBXFileReference; lastKnownFileType = sourcecode.metal; path = Shaders.metal; sourceTree = "<group>"; };
/* End PBXFileReference section */

/* Begin PBXFrameworksBuildPhase section */
		FF5E4A42280481730038A90B /* Frameworks */ = {
			isa = PBXFrameworksBuildPhase;
			buildActionMask = 2147483647;
			files = (
			);
			runOnlyForDeploymentPostprocessing = 0;
		};
/* End PBXFrameworksBuildPhase section */

/* Begin PBXGroup section */
		FF5E4A3C280481730038A90B = {
			isa = PBXGroup;
			children = (
				FF5E4A47280481730038A90B /* SimpleMetalRenderer */,
				FF5E4A46280481730038A90B /* Products */,
			);
			sourceTree = "<group>";
		};
		FF5E4A46280481730038A90B /* Products */ = {
			isa = PBXGroup;
			children = (
				FF5E4A45280481730038A90B /* SimpleMetalRenderer.app */,
			);
			name = Products;
			sourceTree = "<group>";
		};
		FF5E4A47280481730038A90B /* SimpleMetalRenderer */ = {
			isa = PBXGroup;
			children = (
				FF4C47C3280517100008516D /* rubber_toy.obj */,
				FF5E4A56280482270038A90B /* Utils */,
				FF5E4A59280482520038A90B /* Renderer.swift */,
				FF4C47BF280502A30008516D /* Primitive.swift */,
				FF5E4A4A280481730038A90B /* ContentView.swift */,
				FF5E4A48280481730038A90B /* SimpleMetalRendererApp.swift */,
				FF5E4A5D28048C630038A90B /* Shaders.metal */,
				FF5E4A5B280487B90038A90B /* ShaderDefinitions.h */,
				FF5E4A5C280487DB0038A90B /* Bridging-Header.h */,
				FF5E4A4C2804817A0038A90B /* Assets.xcassets */,
				FF5E4A4E2804817A0038A90B /* Preview Content */,
			);
			path = SimpleMetalRenderer;
			sourceTree = "<group>";
		};
		FF5E4A4E2804817A0038A90B /* Preview Content */ = {
			isa = PBXGroup;
			children = (
				FF5E4A4F2804817A0038A90B /* Preview Assets.xcassets */,
			);
			path = "Preview Content";
			sourceTree = "<group>";
		};
		FF5E4A56280482270038A90B /* Utils */ = {
			isa = PBXGroup;
			children = (
				FF5E4A57280482350038A90B /* MetalView.swift */,
				FF4C47C1280511730008516D /* MatrixUtils.swift */,
			);
			path = Utils;
			sourceTree = "<group>";
		};
/* End PBXGroup section */

/* Begin PBXNativeTarget section */
		FF5E4A44280481730038A90B /* SimpleMetalRenderer */ = {
			isa = PBXNativeTarget;
			buildConfigurationList = FF5E4A532804817A0038A90B /* Build configuration list for PBXNativeTarget "SimpleMetalRenderer" */;
			buildPhases = (
				FF5E4A41280481730038A90B /* Sources */,
				FF5E4A42280481730038A90B /* Frameworks */,
				FF5E4A43280481730038A90B /* Resources */,
			);
			buildRules = (
			);
			dependencies = (
			);
			name = SimpleMetalRenderer;
			productName = SimpleMetalRenderer;
			productReference = FF5E4A45280481730038A90B /* SimpleMetalRenderer.app */;
			productType = "com.apple.product-type.application";
		};
/* End PBXNativeTarget section */

/* Begin PBXProject section */
		FF5E4A3D280481730038A90B /* Project object */ = {
			isa = PBXProject;
			attributes = {
				BuildIndependentTargetsInParallel = 1;
				LastSwiftUpdateCheck = 1330;
				LastUpgradeCheck = 1330;
				TargetAttributes = {
					FF5E4A44280481730038A90B = {
						CreatedOnToolsVersion = 13.3;
					};
				};
			};
			buildConfigurationList = FF5E4A40280481730038A90B /* Build configuration list for PBXProject "SimpleMetalRenderer" */;
			compatibilityVersion = "Xcode 13.0";
			developmentRegion = en;
			hasScannedForEncodings = 0;
			knownRegions = (
				en,
				Base,
			);
			mainGroup = FF5E4A3C280481730038A90B;
			productRefGroup = FF5E4A46280481730038A90B /* Products */;
			projectDirPath = "";
			projectRoot = "";
			targets = (
				FF5E4A44280481730038A90B /* SimpleMetalRenderer */,
			);
		};
/* End PBXProject section */

/* Begin PBXResourcesBuildPhase section */
		FF5E4A43280481730038A90B /* Resources */ = {
			isa = PBXResourcesBuildPhase;
			buildActionMask = 2147483647;
			files = (
				FF5E4A502804817A0038A90B /* Preview Assets.xcassets in Resources */,
				FF4C47C4280517100008516D /* rubber_toy.obj in Resources */,
				FF5E4A4D2804817A0038A90B /* Assets.xcassets in Resources */,
			);
			runOnlyForDeploymentPostprocessing = 0;
		};
/* End PBXResourcesBuildPhase section */

/* Begin PBXSourcesBuildPhase section */
		FF5E4A41280481730038A90B /* Sources */ = {
			isa = PBXSourcesBuildPhase;
			buildActionMask = 2147483647;
			files = (
				FF5E4A5A280482520038A90B /* Renderer.swift in Sources */,
				FF4C47C0280502A30008516D /* Primitive.swift in Sources */,
				FF5E4A58280482350038A90B /* MetalView.swift in Sources */,
				FF5E4A4B280481730038A90B /* ContentView.swift in Sources */,
				FF4C47C2280511730008516D /* MatrixUtils.swift in Sources */,
				FF5E4A49280481730038A90B /* SimpleMetalRendererApp.swift in Sources */,
				FF5E4A5E28048C630038A90B /* Shaders.metal in Sources */,
			);
			runOnlyForDeploymentPostprocessing = 0;
		};
/* End PBXSourcesBuildPhase section */

/* Begin XCBuildConfiguration section */
		FF5E4A512804817A0038A90B /* Debug */ = {
			isa = XCBuildConfiguration;
			buildSettings = {
				ALWAYS_SEARCH_USER_PATHS = NO;
				CLANG_ANALYZER_NONNULL = YES;
				CLANG_ANALYZER_NUMBER_OBJECT_CONVERSION = YES_AGGRESSIVE;
				CLANG_CXX_LANGUAGE_STANDARD = "gnu++17";
				CLANG_ENABLE_MODULES = YES;
				CLANG_ENABLE_OBJC_ARC = YES;
				CLANG_ENABLE_OBJC_WEAK = YES;
				CLANG_WARN_BLOCK_CAPTURE_AUTORELEASING = YES;
				CLANG_WARN_BOOL_CONVERSION = YES;
				CLANG_WARN_COMMA = YES;
				CLANG_WARN_CONSTANT_CONVERSION = YES;
				CLANG_WARN_DEPRECATED_OBJC_IMPLEMENTATIONS = YES;
				CLANG_WARN_DIRECT_OBJC_ISA_USAGE = YES_ERROR;
				CLANG_WARN_DOCUMENTATION_COMMENTS = YES;
				CLANG_WARN_EMPTY_BODY = YES;
				CLANG_WARN_ENUM_CONVERSION = YES;
				CLANG_WARN_INFINITE_RECURSION = YES;
				CLANG_WARN_INT_CONVERSION = YES;
				CLANG_WARN_NON_LITERAL_NULL_CONVERSION = YES;
				CLANG_WARN_OBJC_IMPLICIT_RETAIN_SELF = YES;
				CLANG_WARN_OBJC_LITERAL_CONVERSION = YES;
				CLANG_WARN_OBJC_ROOT_CLASS = YES_ERROR;
				CLANG_WARN_QUOTED_INCLUDE_IN_FRAMEWORK_HEADER = YES;
				CLANG_WARN_RANGE_LOOP_ANALYSIS = YES;
				CLANG_WARN_STRICT_PROTOTYPES = YES;
				CLANG_WARN_SUSPICIOUS_MOVE = YES;
				CLANG_WARN_UNGUARDED_AVAILABILITY = YES_AGGRESSIVE;
				CLANG_WARN_UNREACHABLE_CODE = YES;
				CLANG_WARN__DUPLICATE_METHOD_MATCH = YES;
				COPY_PHASE_STRIP = NO;
				DEBUG_INFORMATION_FORMAT = dwarf;
				ENABLE_STRICT_OBJC_MSGSEND = YES;
				ENABLE_TESTABILITY = YES;
				GCC_C_LANGUAGE_STANDARD = gnu11;
				GCC_DYNAMIC_NO_PIC = NO;
				GCC_NO_COMMON_BLOCKS = YES;
				GCC_OPTIMIZATION_LEVEL = 0;
				GCC_PREPROCESSOR_DEFINITIONS = (
					"DEBUG=1",
					"$(inherited)",
				);
				GCC_WARN_64_TO_32_BIT_CONVERSION = YES;
				GCC_WARN_ABOUT_RETURN_TYPE = YES_ERROR;
				GCC_WARN_UNDECLARED_SELECTOR = YES;
				GCC_WARN_UNINITIALIZED_AUTOS = YES_AGGRESSIVE;
				GCC_WARN_UNUSED_FUNCTION = YES;
				GCC_WARN_UNUSED_VARIABLE = YES;
				IPHONEOS_DEPLOYMENT_TARGET = 15.4;
				MTL_ENABLE_DEBUG_INFO = INCLUDE_SOURCE;
				MTL_FAST_MATH = YES;
				ONLY_ACTIVE_ARCH = YES;
				SDKROOT = iphoneos;
				SWIFT_ACTIVE_COMPILATION_CONDITIONS = DEBUG;
				SWIFT_OPTIMIZATION_LEVEL = "-Onone";
			};
			name = Debug;
		};
		FF5E4A522804817A0038A90B /* Release */ = {
			isa = XCBuildConfiguration;
			buildSettings = {
				ALWAYS_SEARCH_USER_PATHS = NO;
				CLANG_ANALYZER_NONNULL = YES;
				CLANG_ANALYZER_NUMBER_OBJECT_CONVERSION = YES_AGGRESSIVE;
				CLANG_CXX_LANGUAGE_STANDARD = "gnu++17";
				CLANG_ENABLE_MODULES = YES;
				CLANG_ENABLE_OBJC_ARC = YES;
				CLANG_ENABLE_OBJC_WEAK = YES;
				CLANG_WARN_BLOCK_CAPTURE_AUTORELEASING = YES;
				CLANG_WARN_BOOL_CONVERSION = YES;
				CLANG_WARN_COMMA = YES;
				CLANG_WARN_CONSTANT_CONVERSION = YES;
				CLANG_WARN_DEPRECATED_OBJC_IMPLEMENTATIONS = YES;
				CLANG_WARN_DIRECT_OBJC_ISA_USAGE = YES_ERROR;
				CLANG_WARN_DOCUMENTATION_COMMENTS = YES;
				CLANG_WARN_EMPTY_BODY = YES;
				CLANG_WARN_ENUM_CONVERSION = YES;
				CLANG_WARN_INFINITE_RECURSION = YES;
				CLANG_WARN_INT_CONVERSION = YES;
				CLANG_WARN_NON_LITERAL_NULL_CONVERSION = YES;
				CLANG_WARN_OBJC_IMPLICIT_RETAIN_SELF = YES;
				CLANG_WARN_OBJC_LITERAL_CONVERSION = YES;
				CLANG_WARN_OBJC_ROOT_CLASS = YES_ERROR;
				CLANG_WARN_QUOTED_INCLUDE_IN_FRAMEWORK_HEADER = YES;
				CLANG_WARN_RANGE_LOOP_ANALYSIS = YES;
				CLANG_WARN_STRICT_PROTOTYPES = YES;
				CLANG_WARN_SUSPICIOUS_MOVE = YES;
				CLANG_WARN_UNGUARDED_AVAILABILITY = YES_AGGRESSIVE;
				CLANG_WARN_UNREACHABLE_CODE = YES;
				CLANG_WARN__DUPLICATE_METHOD_MATCH = YES;
				COPY_PHASE_STRIP = NO;
				DEBUG_INFORMATION_FORMAT = "dwarf-with-dsym";
				ENABLE_NS_ASSERTIONS = NO;
				ENABLE_STRICT_OBJC_MSGSEND = YES;
				GCC_C_LANGUAGE_STANDARD = gnu11;
				GCC_NO_COMMON_BLOCKS = YES;
				GCC_WARN_64_TO_32_BIT_CONVERSION = YES;
				GCC_WARN_ABOUT_RETURN_TYPE = YES_ERROR;
				GCC_WARN_UNDECLARED_SELECTOR = YES;
				GCC_WARN_UNINITIALIZED_AUTOS = YES_AGGRESSIVE;
				GCC_WARN_UNUSED_FUNCTION = YES;
				GCC_WARN_UNUSED_VARIABLE = YES;
				IPHONEOS_DEPLOYMENT_TARGET = 15.4;
				MTL_ENABLE_DEBUG_INFO = NO;
				MTL_FAST_MATH = YES;
				SDKROOT = iphoneos;
				SWIFT_COMPILATION_MODE = wholemodule;
				SWIFT_OPTIMIZATION_LEVEL = "-O";
				VALIDATE_PRODUCT = YES;
			};
			name = Release;
		};
		FF5E4A542804817A0038A90B /* Debug */ = {
			isa = XCBuildConfiguration;
			buildSettings = {
				ASSETCATALOG_COMPILER_APPICON_NAME = AppIcon;
				ASSETCATALOG_COMPILER_GLOBAL_ACCENT_COLOR_NAME = AccentColor;
				CODE_SIGN_STYLE = Automatic;
				CURRENT_PROJECT_VERSION = 1;
				DEVELOPMENT_ASSET_PATHS = "\"SimpleMetalRenderer/Preview Content\"";
				DEVELOPMENT_TEAM = M5B635R5MU;
				ENABLE_PREVIEWS = YES;
				GENERATE_INFOPLIST_FILE = YES;
				INFOPLIST_KEY_UIApplicationSceneManifest_Generation = YES;
				INFOPLIST_KEY_UIApplicationSupportsIndirectInputEvents = YES;
				INFOPLIST_KEY_UILaunchScreen_Generation = YES;
				INFOPLIST_KEY_UISupportedInterfaceOrientations_iPad = "UIInterfaceOrientationPortrait UIInterfaceOrientationPortraitUpsideDown UIInterfaceOrientationLandscapeLeft UIInterfaceOrientationLandscapeRight";
				INFOPLIST_KEY_UISupportedInterfaceOrientations_iPhone = "UIInterfaceOrientationPortrait UIInterfaceOrientationLandscapeLeft UIInterfaceOrientationLandscapeRight";
				LD_RUNPATH_SEARCH_PATHS = (
					"$(inherited)",
					"@executable_path/Frameworks",
				);
				MARKETING_VERSION = 1.0;
				PRODUCT_BUNDLE_IDENTIFIER = co.kylestewart.SimpleMetalRenderer;
				PRODUCT_NAME = "$(TARGET_NAME)";
				SWIFT_EMIT_LOC_STRINGS = YES;
				SWIFT_OBJC_BRIDGING_HEADER = "SimpleMetalRenderer/Bridging-Header.h";
				SWIFT_VERSION = 5.0;
				TARGETED_DEVICE_FAMILY = "1,2";
			};
			name = Debug;
		};
		FF5E4A552804817A0038A90B /* Release */ = {
			isa = XCBuildConfiguration;
			buildSettings = {
				ASSETCATALOG_COMPILER_APPICON_NAME = AppIcon;
				ASSETCATALOG_COMPILER_GLOBAL_ACCENT_COLOR_NAME = AccentColor;
				CODE_SIGN_STYLE = Automatic;
				CURRENT_PROJECT_VERSION = 1;
				DEVELOPMENT_ASSET_PATHS = "\"SimpleMetalRenderer/Preview Content\"";
				DEVELOPMENT_TEAM = M5B635R5MU;
				ENABLE_PREVIEWS = YES;
				GENERATE_INFOPLIST_FILE = YES;
				INFOPLIST_KEY_UIApplicationSceneManifest_Generation = YES;
				INFOPLIST_KEY_UIApplicationSupportsIndirectInputEvents = YES;
				INFOPLIST_KEY_UILaunchScreen_Generation = YES;
				INFOPLIST_KEY_UISupportedInterfaceOrientations_iPad = "UIInterfaceOrientationPortrait UIInterfaceOrientationPortraitUpsideDown UIInterfaceOrientationLandscapeLeft UIInterfaceOrientationLandscapeRight";
				INFOPLIST_KEY_UISupportedInterfaceOrientations_iPhone = "UIInterfaceOrientationPortrait UIInterfaceOrientationLandscapeLeft UIInterfaceOrientationLandscapeRight";
				LD_RUNPATH_SEARCH_PATHS = (
					"$(inherited)",
					"@executable_path/Frameworks",
				);
				MARKETING_VERSION = 1.0;
				PRODUCT_BUNDLE_IDENTIFIER = co.kylestewart.SimpleMetalRenderer;
				PRODUCT_NAME = "$(TARGET_NAME)";
				SWIFT_EMIT_LOC_STRINGS = YES;
				SWIFT_OBJC_BRIDGING_HEADER = "SimpleMetalRenderer/Bridging-Header.h";
				SWIFT_VERSION = 5.0;
				TARGETED_DEVICE_FAMILY = "1,2";
			};
			name = Release;
		};
/* End XCBuildConfiguration section */

/* Begin XCConfigurationList section */
		FF5E4A40280481730038A90B /* Build configuration list for PBXProject "SimpleMetalRenderer" */ = {
			isa = XCConfigurationList;
			buildConfigurations = (
				FF5E4A512804817A0038A90B /* Debug */,
				FF5E4A522804817A0038A90B /* Release */,
			);
			defaultConfigurationIsVisible = 0;
			defaultConfigurationName = Release;
		};
		FF5E4A532804817A0038A90B /* Build configuration list for PBXNativeTarget "SimpleMetalRenderer" */ = {
			isa = XCConfigurationList;
			buildConfigurations = (
				FF5E4A542804817A0038A90B /* Debug */,
				FF5E4A552804817A0038A90B /* Release */,
			);
			defaultConfigurationIsVisible = 0;
			defaultConfigurationName = Release;
		};
/* End XCConfigurationList section */
	};
	rootObject = FF5E4A3D280481730038A90B /* Project object */;
}
